
Microsoft Visual Studio Solution File, Format Version 12.00
# Visual Studio 2013
VisualStudioVersion = 12.0.30110.0
MinimumVisualStudioVersion = 10.0.40219.1
Project("{FAE04EC0-301F-11D3-BF4B-00C04F79EFBC}") = "ConnectionsEducation.Redis", "ConnectionsEducation.Redis.csproj", "{5184C3E3-EC40-4E8C-903C-712B2CC0EABE}"
EndProject
Project("{FAE04EC0-301F-11D3-BF4B-00C04F79EFBC}") = "ConnectionsEducation.Redis.Test", "..\ConnectionsEducation.Redis.Test\ConnectionsEducation.Redis.Test.csproj", "{967D5459-9074-47BE-AE7C-F0C3DB8A0711}"
EndProject
Project("{FAE04EC0-301F-11D3-BF4B-00C04F79EFBC}") = "ConsoleMemoryTest", "ConsoleMemoryTest\ConsoleMemoryTest.csproj", "{084A0541-DBBF-406D-B9EE-A28E7238643B}"
EndProject
Global
	GlobalSection(TeamFoundationVersionControl) = preSolution
		SccNumberOfProjects = 4
		SccEnterpriseProvider = {4CA58AB2-18FA-4F8D-95D4-32DDF27D184C}
		SccTeamFoundationServer = http://web.tfs2013.connectionseducation.com:8080/tfs/development
		SccLocalPath0 = .
		SccProjectUniqueName1 = ..\\ConnectionsEducation.Redis.Test\\ConnectionsEducation.Redis.Test.csproj
		SccProjectName1 = ../ConnectionsEducation.Redis.Test
		SccLocalPath1 = ..\\ConnectionsEducation.Redis.Test
		SccProjectUniqueName2 = ConsoleMemoryTest\\ConsoleMemoryTest.csproj
		SccProjectName2 = ConsoleMemoryTest
		SccLocalPath2 = ConsoleMemoryTest
		SccProjectUniqueName3 = ConnectionsEducation.Redis.csproj
		SccLocalPath3 = .
	EndGlobalSection
	GlobalSection(SolutionConfigurationPlatforms) = preSolution
		Debug|Any CPU = Debug|Any CPU
		Release|Any CPU = Release|Any CPU
	EndGlobalSection
	GlobalSection(ProjectConfigurationPlatforms) = postSolution
		{5184C3E3-EC40-4E8C-903C-712B2CC0EABE}.Debug|Any CPU.ActiveCfg = Debug|Any CPU
		{5184C3E3-EC40-4E8C-903C-712B2CC0EABE}.Debug|Any CPU.Build.0 = Debug|Any CPU
		{5184C3E3-EC40-4E8C-903C-712B2CC0EABE}.Release|Any CPU.ActiveCfg = Release|Any CPU
		{5184C3E3-EC40-4E8C-903C-712B2CC0EABE}.Release|Any CPU.Build.0 = Release|Any CPU
		{967D5459-9074-47BE-AE7C-F0C3DB8A0711}.Debug|Any CPU.ActiveCfg = Debug|Any CPU
		{967D5459-9074-47BE-AE7C-F0C3DB8A0711}.Debug|Any CPU.Build.0 = Debug|Any CPU
		{967D5459-9074-47BE-AE7C-F0C3DB8A0711}.Release|Any CPU.ActiveCfg = Release|Any CPU
		{967D5459-9074-47BE-AE7C-F0C3DB8A0711}.Release|Any CPU.Build.0 = Release|Any CPU
		{084A0541-DBBF-406D-B9EE-A28E7238643B}.Debug|Any CPU.ActiveCfg = Debug|Any CPU
		{084A0541-DBBF-406D-B9EE-A28E7238643B}.Debug|Any CPU.Build.0 = Debug|Any CPU
		{084A0541-DBBF-406D-B9EE-A28E7238643B}.Release|Any CPU.ActiveCfg = Release|Any CPU
		{084A0541-DBBF-406D-B9EE-A28E7238643B}.Release|Any CPU.Build.0 = Release|Any CPU
	EndGlobalSection
	GlobalSection(SolutionProperties) = preSolution
		HideSolutionNode = FALSE
	EndGlobalSection
EndGlobal
